// !$*UTF8*$!
{
	archiveVersion = 1;
	classes = {
	};
	objectVersion = 46;
	objects = {

/* Begin PBXBuildFile section */
		073632F31A56EA8200462996 /* main.m in Sources */ = {isa = PBXBuildFile; fileRef = 073632F21A56EA8200462996 /* main.m */; };
		073632F61A56EA8200462996 /* AppDelegate.m in Sources */ = {isa = PBXBuildFile; fileRef = 073632F51A56EA8200462996 /* AppDelegate.m */; };
		073632F91A56EA8200462996 /* GameScene.m in Sources */ = {isa = PBXBuildFile; fileRef = 073632F81A56EA8200462996 /* GameScene.m */; };
		073632FB1A56EA8200462996 /* GameScene.sks in Resources */ = {isa = PBXBuildFile; fileRef = 073632FA1A56EA8200462996 /* GameScene.sks */; };
		073632FE1A56EA8200462996 /* GameViewController.m in Sources */ = {isa = PBXBuildFile; fileRef = 073632FD1A56EA8200462996 /* GameViewController.m */; };
		073633011A56EA8200462996 /* Main.storyboard in Resources */ = {isa = PBXBuildFile; fileRef = 073632FF1A56EA8200462996 /* Main.storyboard */; };
		073633031A56EA8200462996 /* Images.xcassets in Resources */ = {isa = PBXBuildFile; fileRef = 073633021A56EA8200462996 /* Images.xcassets */; };
		073633061A56EA8200462996 /* LaunchScreen.xib in Resources */ = {isa = PBXBuildFile; fileRef = 073633041A56EA8200462996 /* LaunchScreen.xib */; };
		073633121A56EA8200462996 /* Space_CannonTests.m in Sources */ = {isa = PBXBuildFile; fileRef = 073633111A56EA8200462996 /* Space_CannonTests.m */; };
/* End PBXBuildFile section */

/* Begin PBXContainerItemProxy section */
		0736330C1A56EA8200462996 /* PBXContainerItemProxy */ = {
			isa = PBXContainerItemProxy;
			containerPortal = 073632E51A56EA8100462996 /* Project object */;
			proxyType = 1;
			remoteGlobalIDString = 073632EC1A56EA8100462996;
			remoteInfo = "Space Cannon";
		};
/* End PBXContainerItemProxy section */

/* Begin PBXFileReference section */
		073632ED1A56EA8200462996 /* Space Cannon.app */ = {isa = PBXFileReference; explicitFileType = wrapper.application; includeInIndex = 0; path = "Space Cannon.app"; sourceTree = BUILT_PRODUCTS_DIR; };
		073632F11A56EA8200462996 /* Info.plist */ = {isa = PBXFileReference; lastKnownFileType = text.plist.xml; path = Info.plist; sourceTree = "<group>"; };
		073632F21A56EA8200462996 /* main.m */ = {isa = PBXFileReference; lastKnownFileType = sourcecode.c.objc; path = main.m; sourceTree = "<group>"; };
		073632F41A56EA8200462996 /* AppDelegate.h */ = {isa = PBXFileReference; lastKnownFileType = sourcecode.c.h; path = AppDelegate.h; sourceTree = "<group>"; };
		073632F51A56EA8200462996 /* AppDelegate.m */ = {isa = PBXFileReference; lastKnownFileType = sourcecode.c.objc; path = AppDelegate.m; sourceTree = "<group>"; };
		073632F71A56EA8200462996 /* GameScene.h */ = {isa = PBXFileReference; lastKnownFileType = sourcecode.c.h; path = GameScene.h; sourceTree = "<group>"; };
		073632F81A56EA8200462996 /* GameScene.m */ = {isa = PBXFileReference; lastKnownFileType = sourcecode.c.objc; path = GameScene.m; sourceTree = "<group>"; };
		073632FA1A56EA8200462996 /* GameScene.sks */ = {isa = PBXFileReference; lastKnownFileType = file.sks; path = GameScene.sks; sourceTree = "<group>"; };
		073632FC1A56EA8200462996 /* GameViewController.h */ = {isa = PBXFileReference; lastKnownFileType = sourcecode.c.h; path = GameViewController.h; sourceTree = "<group>"; };
		073632FD1A56EA8200462996 /* GameViewController.m */ = {isa = PBXFileReference; lastKnownFileType = sourcecode.c.objc; path = GameViewController.m; sourceTree = "<group>"; };
		073633001A56EA8200462996 /* Base */ = {isa = PBXFileReference; lastKnownFileType = file.storyboard; name = Base; path = Base.lproj/Main.storyboard; sourceTree = "<group>"; };
		073633021A56EA8200462996 /* Images.xcassets */ = {isa = PBXFileReference; lastKnownFileType = folder.assetcatalog; path = Images.xcassets; sourceTree = "<group>"; };
		073633051A56EA8200462996 /* Base */ = {isa = PBXFileReference; lastKnownFileType = file.xib; name = Base; path = Base.lproj/LaunchScreen.xib; sourceTree = "<group>"; };
		0736330B1A56EA8200462996 /* Space CannonTests.xctest */ = {isa = PBXFileReference; explicitFileType = wrapper.cfbundle; includeInIndex = 0; path = "Space CannonTests.xctest"; sourceTree = BUILT_PRODUCTS_DIR; };
		073633101A56EA8200462996 /* Info.plist */ = {isa = PBXFileReference; lastKnownFileType = text.plist.xml; path = Info.plist; sourceTree = "<group>"; };
		073633111A56EA8200462996 /* Space_CannonTests.m */ = {isa = PBXFileReference; lastKnownFileType = sourcecode.c.objc; path = Space_CannonTests.m; sourceTree = "<group>"; };
/* End PBXFileReference section */

/* Begin PBXFrameworksBuildPhase section */
		073632EA1A56EA8100462996 /* Frameworks */ = {
			isa = PBXFrameworksBuildPhase;
			buildActionMask = 2147483647;
			files = (
			);
			runOnlyForDeploymentPostprocessing = 0;
		};
		073633081A56EA8200462996 /* Frameworks */ = {
			isa = PBXFrameworksBuildPhase;
			buildActionMask = 2147483647;
			files = (
			);
			runOnlyForDeploymentPostprocessing = 0;
		};
/* End PBXFrameworksBuildPhase section */

/* Begin PBXGroup section */
		073632E41A56EA8100462996 = {
			isa = PBXGroup;
			children = (
				073632EF1A56EA8200462996 /* Space Cannon */,
				0736330E1A56EA8200462996 /* Space CannonTests */,
				073632EE1A56EA8200462996 /* Products */,
			);
			sourceTree = "<group>";
		};
		073632EE1A56EA8200462996 /* Products */ = {
			isa = PBXGroup;
			children = (
				073632ED1A56EA8200462996 /* Space Cannon.app */,
				0736330B1A56EA8200462996 /* Space CannonTests.xctest */,
			);
			name = Products;
			sourceTree = "<group>";
		};
		073632EF1A56EA8200462996 /* Space Cannon */ = {
			isa = PBXGroup;
			children = (
				073632F41A56EA8200462996 /* AppDelegate.h */,
				073632F51A56EA8200462996 /* AppDelegate.m */,
				073632F71A56EA8200462996 /* GameScene.h */,
				073632F81A56EA8200462996 /* GameScene.m */,
				073632FA1A56EA8200462996 /* GameScene.sks */,
				073632FC1A56EA8200462996 /* GameViewController.h */,
				073632FD1A56EA8200462996 /* GameViewController.m */,
				073632FF1A56EA8200462996 /* Main.storyboard */,
				073633021A56EA8200462996 /* Images.xcassets */,
				073633041A56EA8200462996 /* LaunchScreen.xib */,
				073632F01A56EA8200462996 /* Supporting Files */,
			);
			path = "Space Cannon";
			sourceTree = "<group>";
		};
		073632F01A56EA8200462996 /* Supporting Files */ = {
			isa = PBXGroup;
			children = (
				073632F11A56EA8200462996 /* Info.plist */,
				073632F21A56EA8200462996 /* main.m */,
			);
			name = "Supporting Files";
			sourceTree = "<group>";
		};
		0736330E1A56EA8200462996 /* Space CannonTests */ = {
			isa = PBXGroup;
			children = (
				073633111A56EA8200462996 /* Space_CannonTests.m */,
				0736330F1A56EA8200462996 /* Supporting Files */,
			);
			path = "Space CannonTests";
			sourceTree = "<group>";
		};
		0736330F1A56EA8200462996 /* Supporting Files */ = {
			isa = PBXGroup;
			children = (
				073633101A56EA8200462996 /* Info.plist */,
			);
			name = "Supporting Files";
			sourceTree = "<group>";
		};
/* End PBXGroup section */

/* Begin PBXNativeTarget section */
		073632EC1A56EA8100462996 /* Space Cannon */ = {
			isa = PBXNativeTarget;
			buildConfigurationList = 073633151A56EA8200462996 /* Build configuration list for PBXNativeTarget "Space Cannon" */;
			buildPhases = (
				073632E91A56EA8100462996 /* Sources */,
				073632EA1A56EA8100462996 /* Frameworks */,
				073632EB1A56EA8100462996 /* Resources */,
			);
			buildRules = (
			);
			dependencies = (
			);
			name = "Space Cannon";
			productName = "Space Cannon";
			productReference = 073632ED1A56EA8200462996 /* Space Cannon.app */;
			productType = "com.apple.product-type.application";
		};
		0736330A1A56EA8200462996 /* Space CannonTests */ = {
			isa = PBXNativeTarget;
			buildConfigurationList = 073633181A56EA8200462996 /* Build configuration list for PBXNativeTarget "Space CannonTests" */;
			buildPhases = (
				073633071A56EA8200462996 /* Sources */,
				073633081A56EA8200462996 /* Frameworks */,
				073633091A56EA8200462996 /* Resources */,
			);
			buildRules = (
			);
			dependencies = (
				0736330D1A56EA8200462996 /* PBXTargetDependency */,
			);
			name = "Space CannonTests";
			productName = "Space CannonTests";
			productReference = 0736330B1A56EA8200462996 /* Space CannonTests.xctest */;
			productType = "com.apple.product-type.bundle.unit-test";
		};
/* End PBXNativeTarget section */

/* Begin PBXProject section */
		073632E51A56EA8100462996 /* Project object */ = {
			isa = PBXProject;
			attributes = {
				LastUpgradeCheck = 0610;
				ORGANIZATIONNAME = "Abner Castro Aguilar";
				TargetAttributes = {
					073632EC1A56EA8100462996 = {
						CreatedOnToolsVersion = 6.1.1;
					};
					0736330A1A56EA8200462996 = {
						CreatedOnToolsVersion = 6.1.1;
						TestTargetID = 073632EC1A56EA8100462996;
					};
				};
			};
			buildConfigurationList = 073632E81A56EA8100462996 /* Build configuration list for PBXProject "Space Cannon" */;
			compatibilityVersion = "Xcode 3.2";
			developmentRegion = English;
			hasScannedForEncodings = 0;
			knownRegions = (
				en,
				Base,
			);
			mainGroup = 073632E41A56EA8100462996;
			productRefGroup = 073632EE1A56EA8200462996 /* Products */;
			projectDirPath = "";
			projectRoot = "";
			targets = (
				073632EC1A56EA8100462996 /* Space Cannon */,
				0736330A1A56EA8200462996 /* Space CannonTests */,
			);
		};
/* End PBXProject section */

/* Begin PBXResourcesBuildPhase section */
		073632EB1A56EA8100462996 /* Resources */ = {
			isa = PBXResourcesBuildPhase;
			buildActionMask = 2147483647;
			files = (
				073633061A56EA8200462996 /* LaunchScreen.xib in Resources */,
				073633031A56EA8200462996 /* Images.xcassets in Resources */,
				073632FB1A56EA8200462996 /* GameScene.sks in Resources */,
				073633011A56EA8200462996 /* Main.storyboard in Resources */,
			);
			runOnlyForDeploymentPostprocessing = 0;
		};
		073633091A56EA8200462996 /* Resources */ = {
			isa = PBXResourcesBuildPhase;
			buildActionMask = 2147483647;
			files = (
			);
			runOnlyForDeploymentPostprocessing = 0;
		};
/* End PBXResourcesBuildPhase section */

/* Begin PBXSourcesBuildPhase section */
		073632E91A56EA8100462996 /* Sources */ = {
			isa = PBXSourcesBuildPhase;
			buildActionMask = 2147483647;
			files = (
				073632FE1A56EA8200462996 /* GameViewController.m in Sources */,
				073632F61A56EA8200462996 /* AppDelegate.m in Sources */,
				073632F91A56EA8200462996 /* GameScene.m in Sources */,
				073632F31A56EA8200462996 /* main.m in Sources */,
			);
			runOnlyForDeploymentPostprocessing = 0;
		};
		073633071A56EA8200462996 /* Sources */ = {
			isa = PBXSourcesBuildPhase;
			buildActionMask = 2147483647;
			files = (
				073633121A56EA8200462996 /* Space_CannonTests.m in Sources */,
			);
			runOnlyForDeploymentPostprocessing = 0;
		};
/* End PBXSourcesBuildPhase section */

/* Begin PBXTargetDependency section */
		0736330D1A56EA8200462996 /* PBXTargetDependency */ = {
			isa = PBXTargetDependency;
			target = 073632EC1A56EA8100462996 /* Space Cannon */;
			targetProxy = 0736330C1A56EA8200462996 /* PBXContainerItemProxy */;
		};
/* End PBXTargetDependency section */

/* Begin PBXVariantGroup section */
		073632FF1A56EA8200462996 /* Main.storyboard */ = {
			isa = PBXVariantGroup;
			children = (
				073633001A56EA8200462996 /* Base */,
			);
			name = Main.storyboard;
			sourceTree = "<group>";
		};
		073633041A56EA8200462996 /* LaunchScreen.xib */ = {
			isa = PBXVariantGroup;
			children = (
				073633051A56EA8200462996 /* Base */,
			);
			name = LaunchScreen.xib;
			sourceTree = "<group>";
		};
/* End PBXVariantGroup section */

/* Begin XCBuildConfiguration section */
		073633131A56EA8200462996 /* Debug */ = {
			isa = XCBuildConfiguration;
			buildSettings = {
				ALWAYS_SEARCH_USER_PATHS = NO;
				CLANG_CXX_LANGUAGE_STANDARD = "gnu++0x";
				CLANG_CXX_LIBRARY = "libc++";
				CLANG_ENABLE_MODULES = YES;
				CLANG_ENABLE_OBJC_ARC = YES;
				CLANG_WARN_BOOL_CONVERSION = YES;
				CLANG_WARN_CONSTANT_CONVERSION = YES;
				CLANG_WARN_DIRECT_OBJC_ISA_USAGE = YES_ERROR;
				CLANG_WARN_EMPTY_BODY = YES;
				CLANG_WARN_ENUM_CONVERSION = YES;
				CLANG_WARN_INT_CONVERSION = YES;
				CLANG_WARN_OBJC_ROOT_CLASS = YES_ERROR;
				CLANG_WARN_UNREACHABLE_CODE = YES;
				CLANG_WARN__DUPLICATE_METHOD_MATCH = YES;
				"CODE_SIGN_IDENTITY[sdk=iphoneos*]" = "iPhone Developer";
				COPY_PHASE_STRIP = NO;
				ENABLE_STRICT_OBJC_MSGSEND = YES;
				GCC_C_LANGUAGE_STANDARD = gnu99;
				GCC_DYNAMIC_NO_PIC = NO;
				GCC_OPTIMIZATION_LEVEL = 0;
				GCC_PREPROCESSOR_DEFINITIONS = (
					"DEBUG=1",
					"$(inherited)",
				);
				GCC_SYMBOLS_PRIVATE_EXTERN = NO;
				GCC_WARN_64_TO_32_BIT_CONVERSION = YES;
				GCC_WARN_ABOUT_RETURN_TYPE = YES_ERROR;
				GCC_WARN_UNDECLARED_SELECTOR = YES;
				GCC_WARN_UNINITIALIZED_AUTOS = YES_AGGRESSIVE;
				GCC_WARN_UNUSED_FUNCTION = YES;
				GCC_WARN_UNUSED_VARIABLE = YES;
				IPHONEOS_DEPLOYMENT_TARGET = 8.1;
				MTL_ENABLE_DEBUG_INFO = YES;
				ONLY_ACTIVE_ARCH = YES;
				SDKROOT = iphoneos;
			};
			name = Debug;
		};
		073633141A56EA8200462996 /* Release */ = {
			isa = XCBuildConfiguration;
			buildSettings = {
				ALWAYS_SEARCH_USER_PATHS = NO;
				CLANG_CXX_LANGUAGE_STANDARD = "gnu++0x";
				CLANG_CXX_LIBRARY = "libc++";
				CLANG_ENABLE_MODULES = YES;
				CLANG_ENABLE_OBJC_ARC = YES;
				CLANG_WARN_BOOL_CONVERSION = YES;
				CLANG_WARN_CONSTANT_CONVERSION = YES;
				CLANG_WARN_DIRECT_OBJC_ISA_USAGE = YES_ERROR;
				CLANG_WARN_EMPTY_BODY = YES;
				CLANG_WARN_ENUM_CONVERSION = YES;
				CLANG_WARN_INT_CONVERSION = YES;
				CLANG_WARN_OBJC_ROOT_CLASS = YES_ERROR;
				CLANG_WARN_UNREACHABLE_CODE = YES;
				CLANG_WARN__DUPLICATE_METHOD_MATCH = YES;
				"CODE_SIGN_IDENTITY[sdk=iphoneos*]" = "iPhone Developer";
				COPY_PHASE_STRIP = YES;
				ENABLE_NS_ASSERTIONS = NO;
				ENABLE_STRICT_OBJC_MSGSEND = YES;
				GCC_C_LANGUAGE_STANDARD = gnu99;
				GCC_WARN_64_TO_32_BIT_CONVERSION = YES;
				GCC_WARN_ABOUT_RETURN_TYPE = YES_ERROR;
				GCC_WARN_UNDECLARED_SELECTOR = YES;
				GCC_WARN_UNINITIALIZED_AUTOS = YES_AGGRESSIVE;
				GCC_WARN_UNUSED_FUNCTION = YES;
				GCC_WARN_UNUSED_VARIABLE = YES;
				IPHONEOS_DEPLOYMENT_TARGET = 8.1;
				MTL_ENABLE_DEBUG_INFO = NO;
				SDKROOT = iphoneos;
				VALIDATE_PRODUCT = YES;
			};
			name = Release;
		};
		073633161A56EA8200462996 /* Debug */ = {
			isa = XCBuildConfiguration;
			buildSettings = {
				ASSETCATALOG_COMPILER_APPICON_NAME = AppIcon;
				INFOPLIST_FILE = "Space Cannon/Info.plist";
				LD_RUNPATH_SEARCH_PATHS = "$(inherited) @executable_path/Frameworks";
				PRODUCT_NAME = "$(TARGET_NAME)";
			};
			name = Debug;
		};
		073633171A56EA8200462996 /* Release */ = {
			isa = XCBuildConfiguration;
			buildSettings = {
				ASSETCATALOG_COMPILER_APPICON_NAME = AppIcon;
				INFOPLIST_FILE = "Space Cannon/Info.plist";
				LD_RUNPATH_SEARCH_PATHS = "$(inherited) @executable_path/Frameworks";
				PRODUCT_NAME = "$(TARGET_NAME)";
			};
			name = Release;
		};
		073633191A56EA8200462996 /* Debug */ = {
			isa = XCBuildConfiguration;
			buildSettings = {
				BUNDLE_LOADER = "$(TEST_HOST)";
				FRAMEWORK_SEARCH_PATHS = (
					"$(SDKROOT)/Developer/Library/Frameworks",
					"$(inherited)",
				);
				GCC_PREPROCESSOR_DEFINITIONS = (
					"DEBUG=1",
					"$(inherited)",
				);
				INFOPLIST_FILE = "Space CannonTests/Info.plist";
				LD_RUNPATH_SEARCH_PATHS = "$(inherited) @executable_path/Frameworks @loader_path/Frameworks";
				PRODUCT_NAME = "$(TARGET_NAME)";
				TEST_HOST = "$(BUILT_PRODUCTS_DIR)/Space Cannon.app/Space Cannon";
			};
			name = Debug;
		};
		0736331A1A56EA8200462996 /* Release */ = {
			isa = XCBuildConfiguration;
			buildSettings = {
				BUNDLE_LOADER = "$(TEST_HOST)";
				FRAMEWORK_SEARCH_PATHS = (
					"$(SDKROOT)/Developer/Library/Frameworks",
					"$(inherited)",
				);
				INFOPLIST_FILE = "Space CannonTests/Info.plist";
				LD_RUNPATH_SEARCH_PATHS = "$(inherited) @executable_path/Frameworks @loader_path/Frameworks";
				PRODUCT_NAME = "$(TARGET_NAME)";
				TEST_HOST = "$(BUILT_PRODUCTS_DIR)/Space Cannon.app/Space Cannon";
			};
			name = Release;
		};
/* End XCBuildConfiguration section */

/* Begin XCConfigurationList section */
		073632E81A56EA8100462996 /* Build configuration list for PBXProject "Space Cannon" */ = {
			isa = XCConfigurationList;
			buildConfigurations = (
				073633131A56EA8200462996 /* Debug */,
				073633141A56EA8200462996 /* Release */,
			);
			defaultConfigurationIsVisible = 0;
			defaultConfigurationName = Release;
		};
		073633151A56EA8200462996 /* Build configuration list for PBXNativeTarget "Space Cannon" */ = {
			isa = XCConfigurationList;
			buildConfigurations = (
				073633161A56EA8200462996 /* Debug */,
				073633171A56EA8200462996 /* Release */,
			);
			defaultConfigurationIsVisible = 0;
		};
		073633181A56EA8200462996 /* Build configuration list for PBXNativeTarget "Space CannonTests" */ = {
			isa = XCConfigurationList;
			buildConfigurations = (
				073633191A56EA8200462996 /* Debug */,
				0736331A1A56EA8200462996 /* Release */,
			);
			defaultConfigurationIsVisible = 0;
		};
/* End XCConfigurationList section */
	};
	rootObject = 073632E51A56EA8100462996 /* Project object */;
}
